
Microsoft Visual Studio Solution File, Format Version 12.00
# Visual Studio 2013
VisualStudioVersion = 12.0.0.0
Project("{FAE04EC0-301F-11D3-BF4B-00C04F79EFBC}") = "SampleWebApp", "SampleWebApp\SampleWebApp.csproj", "{CBC83A34-8EB4-4E18-8334-4C01CC10B340}"
EndProject
Global
	GlobalSection(ProjectConfigurationPlatforms) = postSolution
		{CBC83A34-8EB4-4E18-8334-4C01CC10B340}.Release|Any CPU.ActiveCfg = Release|Any CPU
		{CBC83A34-8EB4-4E18-8334-4C01CC10B340}.Release|Any CPU.Build.0 = Release|Any CPU
		{CBC83A34-8EB4-4E18-8334-4C01CC10B340}.Debug|Any CPU.ActiveCfg = Debug|Any CPU
		{CBC83A34-8EB4-4E18-8334-4C01CC10B340}.Debug|Any CPU.Build.0 = Debug|Any CPU
	EndGlobalSection
	GlobalSection(SolutionConfigurationPlatforms) = preSolution
		Release|Any CPU = Release|Any CPU
		Debug|Any CPU = Debug|Any CPU
	EndGlobalSection
EndGlobal
